
Microsoft Visual Studio Solution File, Format Version 12.00
# Visual Studio Version 16
VisualStudioVersion = 16.0.29709.97
MinimumVisualStudioVersion = 10.0.40219.1
Project("{FAE04EC0-301F-11D3-BF4B-00C04F79EFBC}") = "PlayerPwr.UI", "PlayerPwr.UI\PlayerPwr.UI.csproj", "{7448994F-29F6-4CEE-83F1-EF32D08248EC}"
EndProject
Global
	GlobalSection(SolutionConfigurationPlatforms) = preSolution
		Debug|Any CPU = Debug|Any CPU
		Release|Any CPU = Release|Any CPU
	EndGlobalSection
	GlobalSection(ProjectConfigurationPlatforms) = postSolution
		{7448994F-29F6-4CEE-83F1-EF32D08248EC}.Debug|Any CPU.ActiveCfg = Debug|Any CPU
		{7448994F-29F6-4CEE-83F1-EF32D08248EC}.Debug|Any CPU.Build.0 = Debug|Any CPU
		{7448994F-29F6-4CEE-83F1-EF32D08248EC}.Release|Any CPU.ActiveCfg = Release|Any CPU
		{7448994F-29F6-4CEE-83F1-EF32D08248EC}.Release|Any CPU.Build.0 = Release|Any CPU
	EndGlobalSection
	GlobalSection(SolutionProperties) = preSolution
		HideSolutionNode = FALSE
	EndGlobalSection
	GlobalSection(ExtensibilityGlobals) = postSolution
		SolutionGuid = {1B3E1943-5371-42AC-B4CB-AA62663BD9E4}
	EndGlobalSection
EndGlobal
